
Microsoft Visual Studio Solution File, Format Version 12.00
# Blend for Visual Studio Version 16
VisualStudioVersion = 16.0.29509.3
MinimumVisualStudioVersion = 10.0.40219.1
Project("{FAE04EC0-301F-11D3-BF4B-00C04F79EFBC}") = "Z Toolbar", "Z Toolbar.csproj", "{30F15BC5-81A0-4628-B641-B2A97CE8EF13}"
EndProject
Global
	GlobalSection(SolutionConfigurationPlatforms) = preSolution
		Debug|Any CPU = Debug|Any CPU
		Release|Any CPU = Release|Any CPU
	EndGlobalSection
	GlobalSection(ProjectConfigurationPlatforms) = postSolution
		{30F15BC5-81A0-4628-B641-B2A97CE8EF13}.Debug|Any CPU.ActiveCfg = Debug|Any CPU
		{30F15BC5-81A0-4628-B641-B2A97CE8EF13}.Debug|Any CPU.Build.0 = Debug|Any CPU
		{30F15BC5-81A0-4628-B641-B2A97CE8EF13}.Release|Any CPU.ActiveCfg = Release|Any CPU
		{30F15BC5-81A0-4628-B641-B2A97CE8EF13}.Release|Any CPU.Build.0 = Release|Any CPU
	EndGlobalSection
	GlobalSection(SolutionProperties) = preSolution
		HideSolutionNode = FALSE
	EndGlobalSection
	GlobalSection(ExtensibilityGlobals) = postSolution
		SolutionGuid = {D869D05F-F242-4A86-9883-1E45DFDC99BA}
	EndGlobalSection
EndGlobal
